// !$*UTF8*$!
{
	archiveVersion = 1;
	classes = {
	};
	objectVersion = 56;
	objects = {

/* Begin PBXBuildFile section */
		C28E902A29C102F400E77C17 /* MyGitAppApp.swift in Sources */ = {isa = PBXBuildFile; fileRef = C28E902929C102F400E77C17 /* MyGitAppApp.swift */; };
		C28E902C29C102F400E77C17 /* ContentView.swift in Sources */ = {isa = PBXBuildFile; fileRef = C28E902B29C102F400E77C17 /* ContentView.swift */; };
		C28E902E29C102F900E77C17 /* Assets.xcassets in Resources */ = {isa = PBXBuildFile; fileRef = C28E902D29C102F900E77C17 /* Assets.xcassets */; };
		C28E903129C102F900E77C17 /* Preview Assets.xcassets in Resources */ = {isa = PBXBuildFile; fileRef = C28E903029C102F900E77C17 /* Preview Assets.xcassets */; };
		C28E903B29C102FA00E77C17 /* MyGitAppTests.swift in Sources */ = {isa = PBXBuildFile; fileRef = C28E903A29C102FA00E77C17 /* MyGitAppTests.swift */; };
		C28E904529C102FA00E77C17 /* MyGitAppUITests.swift in Sources */ = {isa = PBXBuildFile; fileRef = C28E904429C102FA00E77C17 /* MyGitAppUITests.swift */; };
		C28E904729C102FA00E77C17 /* MyGitAppUITestsLaunchTests.swift in Sources */ = {isa = PBXBuildFile; fileRef = C28E904629C102FA00E77C17 /* MyGitAppUITestsLaunchTests.swift */; };
		C28E905429C103A700E77C17 /* Show.swift in Sources */ = {isa = PBXBuildFile; fileRef = C28E905329C103A700E77C17 /* Show.swift */; };
/* End PBXBuildFile section */

/* Begin PBXContainerItemProxy section */
		C28E903729C102FA00E77C17 /* PBXContainerItemProxy */ = {
			isa = PBXContainerItemProxy;
			containerPortal = C28E901E29C102F400E77C17 /* Project object */;
			proxyType = 1;
			remoteGlobalIDString = C28E902529C102F400E77C17;
			remoteInfo = MyGitApp;
		};
		C28E904129C102FA00E77C17 /* PBXContainerItemProxy */ = {
			isa = PBXContainerItemProxy;
			containerPortal = C28E901E29C102F400E77C17 /* Project object */;
			proxyType = 1;
			remoteGlobalIDString = C28E902529C102F400E77C17;
			remoteInfo = MyGitApp;
		};
/* End PBXContainerItemProxy section */

/* Begin PBXFileReference section */
		C28E902629C102F400E77C17 /* MyGitApp.app */ = {isa = PBXFileReference; explicitFileType = wrapper.application; includeInIndex = 0; path = MyGitApp.app; sourceTree = BUILT_PRODUCTS_DIR; };
		C28E902929C102F400E77C17 /* MyGitAppApp.swift */ = {isa = PBXFileReference; lastKnownFileType = sourcecode.swift; path = MyGitAppApp.swift; sourceTree = "<group>"; };
		C28E902B29C102F400E77C17 /* ContentView.swift */ = {isa = PBXFileReference; lastKnownFileType = sourcecode.swift; path = ContentView.swift; sourceTree = "<group>"; };
		C28E902D29C102F900E77C17 /* Assets.xcassets */ = {isa = PBXFileReference; lastKnownFileType = folder.assetcatalog; path = Assets.xcassets; sourceTree = "<group>"; };
		C28E903029C102F900E77C17 /* Preview Assets.xcassets */ = {isa = PBXFileReference; lastKnownFileType = folder.assetcatalog; path = "Preview Assets.xcassets"; sourceTree = "<group>"; };
		C28E903629C102FA00E77C17 /* MyGitAppTests.xctest */ = {isa = PBXFileReference; explicitFileType = wrapper.cfbundle; includeInIndex = 0; path = MyGitAppTests.xctest; sourceTree = BUILT_PRODUCTS_DIR; };
		C28E903A29C102FA00E77C17 /* MyGitAppTests.swift */ = {isa = PBXFileReference; lastKnownFileType = sourcecode.swift; path = MyGitAppTests.swift; sourceTree = "<group>"; };
		C28E904029C102FA00E77C17 /* MyGitAppUITests.xctest */ = {isa = PBXFileReference; explicitFileType = wrapper.cfbundle; includeInIndex = 0; path = MyGitAppUITests.xctest; sourceTree = BUILT_PRODUCTS_DIR; };
		C28E904429C102FA00E77C17 /* MyGitAppUITests.swift */ = {isa = PBXFileReference; lastKnownFileType = sourcecode.swift; path = MyGitAppUITests.swift; sourceTree = "<group>"; };
		C28E904629C102FA00E77C17 /* MyGitAppUITestsLaunchTests.swift */ = {isa = PBXFileReference; lastKnownFileType = sourcecode.swift; path = MyGitAppUITestsLaunchTests.swift; sourceTree = "<group>"; };
		C28E905329C103A700E77C17 /* Show.swift */ = {isa = PBXFileReference; lastKnownFileType = sourcecode.swift; path = Show.swift; sourceTree = "<group>"; };
/* End PBXFileReference section */

/* Begin PBXFrameworksBuildPhase section */
		C28E902329C102F400E77C17 /* Frameworks */ = {
			isa = PBXFrameworksBuildPhase;
			buildActionMask = 2147483647;
			files = (
			);
			runOnlyForDeploymentPostprocessing = 0;
		};
		C28E903329C102FA00E77C17 /* Frameworks */ = {
			isa = PBXFrameworksBuildPhase;
			buildActionMask = 2147483647;
			files = (
			);
			runOnlyForDeploymentPostprocessing = 0;
		};
		C28E903D29C102FA00E77C17 /* Frameworks */ = {
			isa = PBXFrameworksBuildPhase;
			buildActionMask = 2147483647;
			files = (
			);
			runOnlyForDeploymentPostprocessing = 0;
		};
/* End PBXFrameworksBuildPhase section */

/* Begin PBXGroup section */
		C28E901D29C102F400E77C17 = {
			isa = PBXGroup;
			children = (
				C28E902829C102F400E77C17 /* MyGitApp */,
				C28E903929C102FA00E77C17 /* MyGitAppTests */,
				C28E904329C102FA00E77C17 /* MyGitAppUITests */,
				C28E902729C102F400E77C17 /* Products */,
			);
			sourceTree = "<group>";
		};
		C28E902729C102F400E77C17 /* Products */ = {
			isa = PBXGroup;
			children = (
				C28E902629C102F400E77C17 /* MyGitApp.app */,
				C28E903629C102FA00E77C17 /* MyGitAppTests.xctest */,
				C28E904029C102FA00E77C17 /* MyGitAppUITests.xctest */,
			);
			name = Products;
			sourceTree = "<group>";
		};
		C28E902829C102F400E77C17 /* MyGitApp */ = {
			isa = PBXGroup;
			children = (
				C28E902929C102F400E77C17 /* MyGitAppApp.swift */,
				C28E902B29C102F400E77C17 /* ContentView.swift */,
				C28E905329C103A700E77C17 /* Show.swift */,
				C28E902D29C102F900E77C17 /* Assets.xcassets */,
				C28E902F29C102F900E77C17 /* Preview Content */,
			);
			path = MyGitApp;
			sourceTree = "<group>";
		};
		C28E902F29C102F900E77C17 /* Preview Content */ = {
			isa = PBXGroup;
			children = (
				C28E903029C102F900E77C17 /* Preview Assets.xcassets */,
			);
			path = "Preview Content";
			sourceTree = "<group>";
		};
		C28E903929C102FA00E77C17 /* MyGitAppTests */ = {
			isa = PBXGroup;
			children = (
				C28E903A29C102FA00E77C17 /* MyGitAppTests.swift */,
			);
			path = MyGitAppTests;
			sourceTree = "<group>";
		};
		C28E904329C102FA00E77C17 /* MyGitAppUITests */ = {
			isa = PBXGroup;
			children = (
				C28E904429C102FA00E77C17 /* MyGitAppUITests.swift */,
				C28E904629C102FA00E77C17 /* MyGitAppUITestsLaunchTests.swift */,
			);
			path = MyGitAppUITests;
			sourceTree = "<group>";
		};
/* End PBXGroup section */

/* Begin PBXNativeTarget section */
		C28E902529C102F400E77C17 /* MyGitApp */ = {
			isa = PBXNativeTarget;
			buildConfigurationList = C28E904A29C102FA00E77C17 /* Build configuration list for PBXNativeTarget "MyGitApp" */;
			buildPhases = (
				C28E902229C102F400E77C17 /* Sources */,
				C28E902329C102F400E77C17 /* Frameworks */,
				C28E902429C102F400E77C17 /* Resources */,
			);
			buildRules = (
			);
			dependencies = (
			);
			name = MyGitApp;
			productName = MyGitApp;
			productReference = C28E902629C102F400E77C17 /* MyGitApp.app */;
			productType = "com.apple.product-type.application";
		};
		C28E903529C102FA00E77C17 /* MyGitAppTests */ = {
			isa = PBXNativeTarget;
			buildConfigurationList = C28E904D29C102FA00E77C17 /* Build configuration list for PBXNativeTarget "MyGitAppTests" */;
			buildPhases = (
				C28E903229C102FA00E77C17 /* Sources */,
				C28E903329C102FA00E77C17 /* Frameworks */,
				C28E903429C102FA00E77C17 /* Resources */,
			);
			buildRules = (
			);
			dependencies = (
				C28E903829C102FA00E77C17 /* PBXTargetDependency */,
			);
			name = MyGitAppTests;
			productName = MyGitAppTests;
			productReference = C28E903629C102FA00E77C17 /* MyGitAppTests.xctest */;
			productType = "com.apple.product-type.bundle.unit-test";
		};
		C28E903F29C102FA00E77C17 /* MyGitAppUITests */ = {
			isa = PBXNativeTarget;
			buildConfigurationList = C28E905029C102FA00E77C17 /* Build configuration list for PBXNativeTarget "MyGitAppUITests" */;
			buildPhases = (
				C28E903C29C102FA00E77C17 /* Sources */,
				C28E903D29C102FA00E77C17 /* Frameworks */,
				C28E903E29C102FA00E77C17 /* Resources */,
			);
			buildRules = (
			);
			dependencies = (
				C28E904229C102FA00E77C17 /* PBXTargetDependency */,
			);
			name = MyGitAppUITests;
			productName = MyGitAppUITests;
			productReference = C28E904029C102FA00E77C17 /* MyGitAppUITests.xctest */;
			productType = "com.apple.product-type.bundle.ui-testing";
		};
/* End PBXNativeTarget section */

/* Begin PBXProject section */
		C28E901E29C102F400E77C17 /* Project object */ = {
			isa = PBXProject;
			attributes = {
				BuildIndependentTargetsInParallel = 1;
				LastSwiftUpdateCheck = 1420;
				LastUpgradeCheck = 1420;
				TargetAttributes = {
					C28E902529C102F400E77C17 = {
						CreatedOnToolsVersion = 14.2;
					};
					C28E903529C102FA00E77C17 = {
						CreatedOnToolsVersion = 14.2;
						TestTargetID = C28E902529C102F400E77C17;
					};
					C28E903F29C102FA00E77C17 = {
						CreatedOnToolsVersion = 14.2;
						TestTargetID = C28E902529C102F400E77C17;
					};
				};
			};
			buildConfigurationList = C28E902129C102F400E77C17 /* Build configuration list for PBXProject "MyGitApp" */;
			compatibilityVersion = "Xcode 14.0";
			developmentRegion = en;
			hasScannedForEncodings = 0;
			knownRegions = (
				en,
				Base,
			);
			mainGroup = C28E901D29C102F400E77C17;
			productRefGroup = C28E902729C102F400E77C17 /* Products */;
			projectDirPath = "";
			projectRoot = "";
			targets = (
				C28E902529C102F400E77C17 /* MyGitApp */,
				C28E903529C102FA00E77C17 /* MyGitAppTests */,
				C28E903F29C102FA00E77C17 /* MyGitAppUITests */,
			);
		};
/* End PBXProject section */

/* Begin PBXResourcesBuildPhase section */
		C28E902429C102F400E77C17 /* Resources */ = {
			isa = PBXResourcesBuildPhase;
			buildActionMask = 2147483647;
			files = (
				C28E903129C102F900E77C17 /* Preview Assets.xcassets in Resources */,
				C28E902E29C102F900E77C17 /* Assets.xcassets in Resources */,
			);
			runOnlyForDeploymentPostprocessing = 0;
		};
		C28E903429C102FA00E77C17 /* Resources */ = {
			isa = PBXResourcesBuildPhase;
			buildActionMask = 2147483647;
			files = (
			);
			runOnlyForDeploymentPostprocessing = 0;
		};
		C28E903E29C102FA00E77C17 /* Resources */ = {
			isa = PBXResourcesBuildPhase;
			buildActionMask = 2147483647;
			files = (
			);
			runOnlyForDeploymentPostprocessing = 0;
		};
/* End PBXResourcesBuildPhase section */

/* Begin PBXSourcesBuildPhase section */
		C28E902229C102F400E77C17 /* Sources */ = {
			isa = PBXSourcesBuildPhase;
			buildActionMask = 2147483647;
			files = (
				C28E905429C103A700E77C17 /* Show.swift in Sources */,
				C28E902C29C102F400E77C17 /* ContentView.swift in Sources */,
				C28E902A29C102F400E77C17 /* MyGitAppApp.swift in Sources */,
			);
			runOnlyForDeploymentPostprocessing = 0;
		};
		C28E903229C102FA00E77C17 /* Sources */ = {
			isa = PBXSourcesBuildPhase;
			buildActionMask = 2147483647;
			files = (
				C28E903B29C102FA00E77C17 /* MyGitAppTests.swift in Sources */,
			);
			runOnlyForDeploymentPostprocessing = 0;
		};
		C28E903C29C102FA00E77C17 /* Sources */ = {
			isa = PBXSourcesBuildPhase;
			buildActionMask = 2147483647;
			files = (
				C28E904729C102FA00E77C17 /* MyGitAppUITestsLaunchTests.swift in Sources */,
				C28E904529C102FA00E77C17 /* MyGitAppUITests.swift in Sources */,
			);
			runOnlyForDeploymentPostprocessing = 0;
		};
/* End PBXSourcesBuildPhase section */

/* Begin PBXTargetDependency section */
		C28E903829C102FA00E77C17 /* PBXTargetDependency */ = {
			isa = PBXTargetDependency;
			target = C28E902529C102F400E77C17 /* MyGitApp */;
			targetProxy = C28E903729C102FA00E77C17 /* PBXContainerItemProxy */;
		};
		C28E904229C102FA00E77C17 /* PBXTargetDependency */ = {
			isa = PBXTargetDependency;
			target = C28E902529C102F400E77C17 /* MyGitApp */;
			targetProxy = C28E904129C102FA00E77C17 /* PBXContainerItemProxy */;
		};
/* End PBXTargetDependency section */

/* Begin XCBuildConfiguration section */
		C28E904829C102FA00E77C17 /* Debug */ = {
			isa = XCBuildConfiguration;
			buildSettings = {
				ALWAYS_SEARCH_USER_PATHS = NO;
				CLANG_ANALYZER_NONNULL = YES;
				CLANG_ANALYZER_NUMBER_OBJECT_CONVERSION = YES_AGGRESSIVE;
				CLANG_CXX_LANGUAGE_STANDARD = "gnu++20";
				CLANG_ENABLE_MODULES = YES;
				CLANG_ENABLE_OBJC_ARC = YES;
				CLANG_ENABLE_OBJC_WEAK = YES;
				CLANG_WARN_BLOCK_CAPTURE_AUTORELEASING = YES;
				CLANG_WARN_BOOL_CONVERSION = YES;
				CLANG_WARN_COMMA = YES;
				CLANG_WARN_CONSTANT_CONVERSION = YES;
				CLANG_WARN_DEPRECATED_OBJC_IMPLEMENTATIONS = YES;
				CLANG_WARN_DIRECT_OBJC_ISA_USAGE = YES_ERROR;
				CLANG_WARN_DOCUMENTATION_COMMENTS = YES;
				CLANG_WARN_EMPTY_BODY = YES;
				CLANG_WARN_ENUM_CONVERSION = YES;
				CLANG_WARN_INFINITE_RECURSION = YES;
				CLANG_WARN_INT_CONVERSION = YES;
				CLANG_WARN_NON_LITERAL_NULL_CONVERSION = YES;
				CLANG_WARN_OBJC_IMPLICIT_RETAIN_SELF = YES;
				CLANG_WARN_OBJC_LITERAL_CONVERSION = YES;
				CLANG_WARN_OBJC_ROOT_CLASS = YES_ERROR;
				CLANG_WARN_QUOTED_INCLUDE_IN_FRAMEWORK_HEADER = YES;
				CLANG_WARN_RANGE_LOOP_ANALYSIS = YES;
				CLANG_WARN_STRICT_PROTOTYPES = YES;
				CLANG_WARN_SUSPICIOUS_MOVE = YES;
				CLANG_WARN_UNGUARDED_AVAILABILITY = YES_AGGRESSIVE;
				CLANG_WARN_UNREACHABLE_CODE = YES;
				CLANG_WARN__DUPLICATE_METHOD_MATCH = YES;
				COPY_PHASE_STRIP = NO;
				DEBUG_INFORMATION_FORMAT = dwarf;
				ENABLE_STRICT_OBJC_MSGSEND = YES;
				ENABLE_TESTABILITY = YES;
				GCC_C_LANGUAGE_STANDARD = gnu11;
				GCC_DYNAMIC_NO_PIC = NO;
				GCC_NO_COMMON_BLOCKS = YES;
				GCC_OPTIMIZATION_LEVEL = 0;
				GCC_PREPROCESSOR_DEFINITIONS = (
					"DEBUG=1",
					"$(inherited)",
				);
				GCC_WARN_64_TO_32_BIT_CONVERSION = YES;
				GCC_WARN_ABOUT_RETURN_TYPE = YES_ERROR;
				GCC_WARN_UNDECLARED_SELECTOR = YES;
				GCC_WARN_UNINITIALIZED_AUTOS = YES_AGGRESSIVE;
				GCC_WARN_UNUSED_FUNCTION = YES;
				GCC_WARN_UNUSED_VARIABLE = YES;
				IPHONEOS_DEPLOYMENT_TARGET = 16.2;
				MTL_ENABLE_DEBUG_INFO = INCLUDE_SOURCE;
				MTL_FAST_MATH = YES;
				ONLY_ACTIVE_ARCH = YES;
				SDKROOT = iphoneos;
				SWIFT_ACTIVE_COMPILATION_CONDITIONS = DEBUG;
				SWIFT_OPTIMIZATION_LEVEL = "-Onone";
			};
			name = Debug;
		};
		C28E904929C102FA00E77C17 /* Release */ = {
			isa = XCBuildConfiguration;
			buildSettings = {
				ALWAYS_SEARCH_USER_PATHS = NO;
				CLANG_ANALYZER_NONNULL = YES;
				CLANG_ANALYZER_NUMBER_OBJECT_CONVERSION = YES_AGGRESSIVE;
				CLANG_CXX_LANGUAGE_STANDARD = "gnu++20";
				CLANG_ENABLE_MODULES = YES;
				CLANG_ENABLE_OBJC_ARC = YES;
				CLANG_ENABLE_OBJC_WEAK = YES;
				CLANG_WARN_BLOCK_CAPTURE_AUTORELEASING = YES;
				CLANG_WARN_BOOL_CONVERSION = YES;
				CLANG_WARN_COMMA = YES;
				CLANG_WARN_CONSTANT_CONVERSION = YES;
				CLANG_WARN_DEPRECATED_OBJC_IMPLEMENTATIONS = YES;
				CLANG_WARN_DIRECT_OBJC_ISA_USAGE = YES_ERROR;
				CLANG_WARN_DOCUMENTATION_COMMENTS = YES;
				CLANG_WARN_EMPTY_BODY = YES;
				CLANG_WARN_ENUM_CONVERSION = YES;
				CLANG_WARN_INFINITE_RECURSION = YES;
				CLANG_WARN_INT_CONVERSION = YES;
				CLANG_WARN_NON_LITERAL_NULL_CONVERSION = YES;
				CLANG_WARN_OBJC_IMPLICIT_RETAIN_SELF = YES;
				CLANG_WARN_OBJC_LITERAL_CONVERSION = YES;
				CLANG_WARN_OBJC_ROOT_CLASS = YES_ERROR;
				CLANG_WARN_QUOTED_INCLUDE_IN_FRAMEWORK_HEADER = YES;
				CLANG_WARN_RANGE_LOOP_ANALYSIS = YES;
				CLANG_WARN_STRICT_PROTOTYPES = YES;
				CLANG_WARN_SUSPICIOUS_MOVE = YES;
				CLANG_WARN_UNGUARDED_AVAILABILITY = YES_AGGRESSIVE;
				CLANG_WARN_UNREACHABLE_CODE = YES;
				CLANG_WARN__DUPLICATE_METHOD_MATCH = YES;
				COPY_PHASE_STRIP = NO;
				DEBUG_INFORMATION_FORMAT = "dwarf-with-dsym";
				ENABLE_NS_ASSERTIONS = NO;
				ENABLE_STRICT_OBJC_MSGSEND = YES;
				GCC_C_LANGUAGE_STANDARD = gnu11;
				GCC_NO_COMMON_BLOCKS = YES;
				GCC_WARN_64_TO_32_BIT_CONVERSION = YES;
				GCC_WARN_ABOUT_RETURN_TYPE = YES_ERROR;
				GCC_WARN_UNDECLARED_SELECTOR = YES;
				GCC_WARN_UNINITIALIZED_AUTOS = YES_AGGRESSIVE;
				GCC_WARN_UNUSED_FUNCTION = YES;
				GCC_WARN_UNUSED_VARIABLE = YES;
				IPHONEOS_DEPLOYMENT_TARGET = 16.2;
				MTL_ENABLE_DEBUG_INFO = NO;
				MTL_FAST_MATH = YES;
				SDKROOT = iphoneos;
				SWIFT_COMPILATION_MODE = wholemodule;
				SWIFT_OPTIMIZATION_LEVEL = "-O";
				VALIDATE_PRODUCT = YES;
			};
			name = Release;
		};
		C28E904B29C102FA00E77C17 /* Debug */ = {
			isa = XCBuildConfiguration;
			buildSettings = {
				ASSETCATALOG_COMPILER_APPICON_NAME = AppIcon;
				ASSETCATALOG_COMPILER_GLOBAL_ACCENT_COLOR_NAME = AccentColor;
				CODE_SIGN_STYLE = Automatic;
				CURRENT_PROJECT_VERSION = 1;
				DEVELOPMENT_ASSET_PATHS = "\"MyGitApp/Preview Content\"";
				DEVELOPMENT_TEAM = T6XWAR3GT9;
				ENABLE_PREVIEWS = YES;
				GENERATE_INFOPLIST_FILE = YES;
				INFOPLIST_KEY_UIApplicationSceneManifest_Generation = YES;
				INFOPLIST_KEY_UIApplicationSupportsIndirectInputEvents = YES;
				INFOPLIST_KEY_UILaunchScreen_Generation = YES;
				INFOPLIST_KEY_UISupportedInterfaceOrientations_iPad = "UIInterfaceOrientationPortrait UIInterfaceOrientationPortraitUpsideDown UIInterfaceOrientationLandscapeLeft UIInterfaceOrientationLandscapeRight";
				INFOPLIST_KEY_UISupportedInterfaceOrientations_iPhone = "UIInterfaceOrientationPortrait UIInterfaceOrientationLandscapeLeft UIInterfaceOrientationLandscapeRight";
				LD_RUNPATH_SEARCH_PATHS = (
					"$(inherited)",
					"@executable_path/Frameworks",
				);
				MARKETING_VERSION = 1.0;
				PRODUCT_BUNDLE_IDENTIFIER = net.rfinc.MyGitApp;
				PRODUCT_NAME = "$(TARGET_NAME)";
				SWIFT_EMIT_LOC_STRINGS = YES;
				SWIFT_VERSION = 5.0;
				TARGETED_DEVICE_FAMILY = "1,2";
			};
			name = Debug;
		};
		C28E904C29C102FA00E77C17 /* Release */ = {
			isa = XCBuildConfiguration;
			buildSettings = {
				ASSETCATALOG_COMPILER_APPICON_NAME = AppIcon;
				ASSETCATALOG_COMPILER_GLOBAL_ACCENT_COLOR_NAME = AccentColor;
				CODE_SIGN_STYLE = Automatic;
				CURRENT_PROJECT_VERSION = 1;
				DEVELOPMENT_ASSET_PATHS = "\"MyGitApp/Preview Content\"";
				DEVELOPMENT_TEAM = T6XWAR3GT9;
				ENABLE_PREVIEWS = YES;
				GENERATE_INFOPLIST_FILE = YES;
				INFOPLIST_KEY_UIApplicationSceneManifest_Generation = YES;
				INFOPLIST_KEY_UIApplicationSupportsIndirectInputEvents = YES;
				INFOPLIST_KEY_UILaunchScreen_Generation = YES;
				INFOPLIST_KEY_UISupportedInterfaceOrientations_iPad = "UIInterfaceOrientationPortrait UIInterfaceOrientationPortraitUpsideDown UIInterfaceOrientationLandscapeLeft UIInterfaceOrientationLandscapeRight";
				INFOPLIST_KEY_UISupportedInterfaceOrientations_iPhone = "UIInterfaceOrientationPortrait UIInterfaceOrientationLandscapeLeft UIInterfaceOrientationLandscapeRight";
				LD_RUNPATH_SEARCH_PATHS = (
					"$(inherited)",
					"@executable_path/Frameworks",
				);
				MARKETING_VERSION = 1.0;
				PRODUCT_BUNDLE_IDENTIFIER = net.rfinc.MyGitApp;
				PRODUCT_NAME = "$(TARGET_NAME)";
				SWIFT_EMIT_LOC_STRINGS = YES;
				SWIFT_VERSION = 5.0;
				TARGETED_DEVICE_FAMILY = "1,2";
			};
			name = Release;
		};
		C28E904E29C102FA00E77C17 /* Debug */ = {
			isa = XCBuildConfiguration;
			buildSettings = {
				ALWAYS_EMBED_SWIFT_STANDARD_LIBRARIES = YES;
				BUNDLE_LOADER = "$(TEST_HOST)";
				CODE_SIGN_STYLE = Automatic;
				CURRENT_PROJECT_VERSION = 1;
				DEVELOPMENT_TEAM = T6XWAR3GT9;
				GENERATE_INFOPLIST_FILE = YES;
				IPHONEOS_DEPLOYMENT_TARGET = 16.2;
				MARKETING_VERSION = 1.0;
				PRODUCT_BUNDLE_IDENTIFIER = net.rfinc.MyGitAppTests;
				PRODUCT_NAME = "$(TARGET_NAME)";
				SWIFT_EMIT_LOC_STRINGS = NO;
				SWIFT_VERSION = 5.0;
				TARGETED_DEVICE_FAMILY = "1,2";
				TEST_HOST = "$(BUILT_PRODUCTS_DIR)/MyGitApp.app/$(BUNDLE_EXECUTABLE_FOLDER_PATH)/MyGitApp";
			};
			name = Debug;
		};
		C28E904F29C102FA00E77C17 /* Release */ = {
			isa = XCBuildConfiguration;
			buildSettings = {
				ALWAYS_EMBED_SWIFT_STANDARD_LIBRARIES = YES;
				BUNDLE_LOADER = "$(TEST_HOST)";
				CODE_SIGN_STYLE = Automatic;
				CURRENT_PROJECT_VERSION = 1;
				DEVELOPMENT_TEAM = T6XWAR3GT9;
				GENERATE_INFOPLIST_FILE = YES;
				IPHONEOS_DEPLOYMENT_TARGET = 16.2;
				MARKETING_VERSION = 1.0;
				PRODUCT_BUNDLE_IDENTIFIER = net.rfinc.MyGitAppTests;
				PRODUCT_NAME = "$(TARGET_NAME)";
				SWIFT_EMIT_LOC_STRINGS = NO;
				SWIFT_VERSION = 5.0;
				TARGETED_DEVICE_FAMILY = "1,2";
				TEST_HOST = "$(BUILT_PRODUCTS_DIR)/MyGitApp.app/$(BUNDLE_EXECUTABLE_FOLDER_PATH)/MyGitApp";
			};
			name = Release;
		};
		C28E905129C102FA00E77C17 /* Debug */ = {
			isa = XCBuildConfiguration;
			buildSettings = {
				ALWAYS_EMBED_SWIFT_STANDARD_LIBRARIES = YES;
				CODE_SIGN_STYLE = Automatic;
				CURRENT_PROJECT_VERSION = 1;
				DEVELOPMENT_TEAM = T6XWAR3GT9;
				GENERATE_INFOPLIST_FILE = YES;
				MARKETING_VERSION = 1.0;
				PRODUCT_BUNDLE_IDENTIFIER = net.rfinc.MyGitAppUITests;
				PRODUCT_NAME = "$(TARGET_NAME)";
				SWIFT_EMIT_LOC_STRINGS = NO;
				SWIFT_VERSION = 5.0;
				TARGETED_DEVICE_FAMILY = "1,2";
				TEST_TARGET_NAME = MyGitApp;
			};
			name = Debug;
		};
		C28E905229C102FA00E77C17 /* Release */ = {
			isa = XCBuildConfiguration;
			buildSettings = {
				ALWAYS_EMBED_SWIFT_STANDARD_LIBRARIES = YES;
				CODE_SIGN_STYLE = Automatic;
				CURRENT_PROJECT_VERSION = 1;
				DEVELOPMENT_TEAM = T6XWAR3GT9;
				GENERATE_INFOPLIST_FILE = YES;
				MARKETING_VERSION = 1.0;
				PRODUCT_BUNDLE_IDENTIFIER = net.rfinc.MyGitAppUITests;
				PRODUCT_NAME = "$(TARGET_NAME)";
				SWIFT_EMIT_LOC_STRINGS = NO;
				SWIFT_VERSION = 5.0;
				TARGETED_DEVICE_FAMILY = "1,2";
				TEST_TARGET_NAME = MyGitApp;
			};
			name = Release;
		};
/* End XCBuildConfiguration section */

/* Begin XCConfigurationList section */
		C28E902129C102F400E77C17 /* Build configuration list for PBXProject "MyGitApp" */ = {
			isa = XCConfigurationList;
			buildConfigurations = (
				C28E904829C102FA00E77C17 /* Debug */,
				C28E904929C102FA00E77C17 /* Release */,
			);
			defaultConfigurationIsVisible = 0;
			defaultConfigurationName = Release;
		};
		C28E904A29C102FA00E77C17 /* Build configuration list for PBXNativeTarget "MyGitApp" */ = {
			isa = XCConfigurationList;
			buildConfigurations = (
				C28E904B29C102FA00E77C17 /* Debug */,
				C28E904C29C102FA00E77C17 /* Release */,
			);
			defaultConfigurationIsVisible = 0;
			defaultConfigurationName = Release;
		};
		C28E904D29C102FA00E77C17 /* Build configuration list for PBXNativeTarget "MyGitAppTests" */ = {
			isa = XCConfigurationList;
			buildConfigurations = (
				C28E904E29C102FA00E77C17 /* Debug */,
				C28E904F29C102FA00E77C17 /* Release */,
			);
			defaultConfigurationIsVisible = 0;
			defaultConfigurationName = Release;
		};
		C28E905029C102FA00E77C17 /* Build configuration list for PBXNativeTarget "MyGitAppUITests" */ = {
			isa = XCConfigurationList;
			buildConfigurations = (
				C28E905129C102FA00E77C17 /* Debug */,
				C28E905229C102FA00E77C17 /* Release */,
			);
			defaultConfigurationIsVisible = 0;
			defaultConfigurationName = Release;
		};
/* End XCConfigurationList section */
	};
	rootObject = C28E901E29C102F400E77C17 /* Project object */;
}
